version: 7
platforms:
- name: osx-arm64
  virtual-packages:
  - __unix=0=0
  - __osx=13.0
  - __archspec=0=m1
environments:
  default:
    channels:
    - url: https://conda.modular.com/max-nightly/
    - url: https://conda.anaconda.org/conda-forge/
    packages:
      osx-arm64:
      - conda: https://conda.anaconda.org/conda-forge/noarch/_python_abi3_support-1.0-hd8ed1ab_2.conda
      - conda: https://conda.anaconda.org/conda-forge/noarch/ca-certificates-2026.5.20-hbd8a1cb_0.conda
      - conda: https://conda.anaconda.org/conda-forge/noarch/click-8.4.1-pyhc90fa1f_0.conda
      - conda: https://conda.anaconda.org/conda-forge/noarch/cpython-3.14.5-py314hd8ed1ab_100.conda
      - conda: https://conda.anaconda.org/conda-forge/noarch/importlib-metadata-9.0.0-pyhcf101f3_0.conda
      - conda: https://conda.anaconda.org/conda-forge/noarch/jupyter_client-8.6.3-pyhd8ed1ab_1.conda
      - conda: https://conda.anaconda.org/conda-forge/noarch/jupyter_core-5.9.1-pyhc90fa1f_0.conda
      - conda: https://conda.anaconda.org/conda-forge/noarch/mypy_extensions-1.1.0-pyha770c72_0.conda
      - conda: https://conda.anaconda.org/conda-forge/noarch/packaging-26.2-pyhc364b38_0.conda
      - conda: https://conda.anaconda.org/conda-forge/noarch/pathspec-1.1.1-pyhd8ed1ab_0.conda
      - conda: https://conda.anaconda.org/conda-forge/noarch/platformdirs-4.10.0-pyhcf101f3_0.conda
      - conda: https://conda.anaconda.org/conda-forge/noarch/python-dateutil-2.9.0.post0-pyhe01879c_2.conda
      - conda: https://conda.anaconda.org/conda-forge/noarch/python-gil-3.14.5-h4df99d1_100.conda
      - conda: https://conda.anaconda.org/conda-forge/noarch/python_abi-3.14-8_cp314.conda
      - conda: https://conda.anaconda.org/conda-forge/noarch/six-1.17.0-pyhe01879c_1.conda
      - conda: https://conda.anaconda.org/conda-forge/noarch/tomli-2.4.1-pyhcf101f3_0.conda
      - conda: https://conda.anaconda.org/conda-forge/noarch/traitlets-5.15.1-pyhcf101f3_0.conda
      - conda: https://conda.anaconda.org/conda-forge/noarch/tzdata-2025c-hc9c84f9_1.conda
      - conda: https://conda.anaconda.org/conda-forge/noarch/zipp-4.1.0-pyhcf101f3_0.conda
      - conda: https://conda.anaconda.org/conda-forge/osx-arm64/bzip2-1.0.8-hd037594_9.conda
      - conda: https://conda.anaconda.org/conda-forge/osx-arm64/icu-78.3-hef89b57_0.conda
      - conda: https://conda.anaconda.org/conda-forge/osx-arm64/krb5-1.22.2-h385eeb1_0.conda
      - conda: https://conda.anaconda.org/conda-forge/osx-arm64/libcxx-22.1.7-h55c6f16_0.conda
      - conda: https://conda.anaconda.org/conda-forge/osx-arm64/libedit-3.1.20250104-pl5321hafb1f1b_0.conda
      - conda: https://conda.anaconda.org/conda-forge/osx-arm64/libexpat-2.8.1-hf6b4638_0.conda
      - conda: https://conda.anaconda.org/conda-forge/osx-arm64/libffi-3.5.2-hcf2aa1b_0.conda
      - conda: https://conda.anaconda.org/conda-forge/osx-arm64/liblzma-5.8.3-h8088a28_0.conda
      - conda: https://conda.anaconda.org/conda-forge/osx-arm64/libmpdec-4.0.0-h84a0fba_1.conda
      - conda: https://conda.anaconda.org/conda-forge/osx-arm64/libsodium-1.0.22-h1a92334_1.conda
      - conda: https://conda.anaconda.org/conda-forge/osx-arm64/libsqlite-3.53.2-h1ae2325_0.conda
      - conda: https://conda.anaconda.org/conda-forge/osx-arm64/libzlib-1.3.2-h8088a28_2.conda
      - conda: https://conda.anaconda.org/conda-forge/osx-arm64/ncurses-6.6-h1d4f5a5_0.conda
      - conda: https://conda.anaconda.org/conda-forge/osx-arm64/openssl-3.6.2-hd24854e_0.conda
      - conda: https://conda.anaconda.org/conda-forge/osx-arm64/python-3.14.5-h4c637c5_100_cp314.conda
      - conda: https://conda.anaconda.org/conda-forge/osx-arm64/pyzmq-27.1.0-py312h022ad19_3.conda
      - conda: https://conda.anaconda.org/conda-forge/osx-arm64/readline-8.3-h46df422_0.conda
      - conda: https://conda.anaconda.org/conda-forge/osx-arm64/tk-8.6.13-h010d191_3.conda
      - conda: https://conda.anaconda.org/conda-forge/osx-arm64/tornado-6.5.7-py314h6c2aa35_0.conda
      - conda: https://conda.anaconda.org/conda-forge/osx-arm64/zeromq-4.3.5-h10816f8_11.conda
      - conda: https://conda.anaconda.org/conda-forge/osx-arm64/zlib-1.3.2-h8088a28_2.conda
      - conda: https://conda.anaconda.org/conda-forge/osx-arm64/zstd-1.5.7-hbf9d68e_6.conda
      - conda: https://conda.modular.com/max-nightly/noarch/mblack-26.5.0-release.conda
      - conda: https://conda.modular.com/max-nightly/noarch/mojo-python-1.0.0-release.conda
      - conda: https://conda.modular.com/max-nightly/osx-arm64/mojo-1.0.0-release.conda
      - conda: https://conda.modular.com/max-nightly/osx-arm64/mojo-compiler-1.0.0-release.conda
      - conda_source: zlib-shim[d4b5d797] @ shim
packages:
- conda: https://conda.anaconda.org/conda-forge/noarch/_python_abi3_support-1.0-hd8ed1ab_2.conda
  sha256: a3967b937b9abf0f2a99f3173fa4630293979bd1644709d89580e7c62a544661
  md5: aaa2a381ccc56eac91d63b6c1240312f
  depends:
  - cpython
  - python-gil
  license: MIT
  license_family: MIT
  size: 8191
  timestamp: 1744137672556
- conda: https://conda.anaconda.org/conda-forge/noarch/ca-certificates-2026.5.20-hbd8a1cb_0.conda
  sha256: 9812a303a1395e1dafbd92e5bc8a1ff6013bcbba0a09c7f03a8d23e43560aa9b
  md5: 489b8e97e666c93f68fdb35c3c9b957f
  depends:
  - __unix
  license: ISC
  size: 129868
  timestamp: 1779289852439
- conda: https://conda.anaconda.org/conda-forge/noarch/ca-certificates-2026.7.22-hbd8a1cb_0.conda
  sha256: 0a0544cf95f64394fe4959286f5c71f5444ad58feb0602e53becb27448d24da6
  md5: 0f51e2391ade309db462a55611263e9c
  depends:
  - __unix
  license: ISC
  run_exports: {}
  size: 131780
  timestamp: 1784754889428
- conda: https://conda.anaconda.org/conda-forge/noarch/click-8.4.1-pyhc90fa1f_0.conda
  sha256: c253a41cdf898b651a0786cbb76c6d5fc101d0dbbe719f93a124bc4fde5cdd6a
  md5: 554304a07e581a85891b15e39ea9f268
  depends:
  - __unix
  - python
  - python >=3.10
  license: BSD-3-Clause
  license_family: BSD
  size: 104999
  timestamp: 1779900548735
- conda: https://conda.anaconda.org/conda-forge/noarch/compiler-rt22_osx-arm64-22.1.8-hb8825d9_2.conda
  sha256: 016121f654e8052edf0e9912ab2f430c2d6ac93adc8cfd484318de6a656cd0c9
  md5: e603f604aa1e281db38ff849cc4e4c5d
  constrains:
  - compiler-rt >=9.0.1
  license: Apache-2.0 WITH LLVM-exception
  license_family: APACHE
  run_exports: {}
  size: 10565200
  timestamp: 1787293602816
- conda: https://conda.anaconda.org/conda-forge/noarch/compiler-rt_osx-arm64-22.1.8-hce30654_2.conda
  sha256: 35a0429b875ff8252b173e4c0a3b028f58ea837da56b04e052ffc2c68c253633
  md5: 79874270cd835b658d889f4cd054677b
  depends:
  - compiler-rt22_osx-arm64 22.1.8 hb8825d9_2
  constrains:
  - clang 22.1.8
  license: Apache-2.0 WITH LLVM-exception
  license_family: APACHE
  run_exports: {}
  size: 16768
  timestamp: 1787293624614
- conda: https://conda.anaconda.org/conda-forge/noarch/cpython-3.14.5-py314hd8ed1ab_100.conda
  noarch: generic
  sha256: 777882d2685f368417f31bbe1b28f73687fc6c8f6a5768bda20ffeefa6b07f5b
  md5: a749029ce5d0632a913db19d17f944ab
  depends:
  - python >=3.14,<3.15.0a0
  - python_abi * *_cp314
  license: Python-2.0
  size: 50212
  timestamp: 1779236682725
- conda: https://conda.anaconda.org/conda-forge/noarch/importlib-metadata-9.0.0-pyhcf101f3_0.conda
  sha256: 43e2a5497cad1598ff88a3e69f69bc88b7b8f141fa63c60eab5db296317318b8
  md5: ffc17e785d64e12fc311af9184221839
  depends:
  - python >=3.10
  - zipp >=3.20
  - python
  license: Apache-2.0
  license_family: APACHE
  size: 34766
  timestamp: 1779714582554
- conda: https://conda.anaconda.org/conda-forge/noarch/jupyter_client-8.6.3-pyhd8ed1ab_1.conda
  sha256: 19d8bd5bb2fde910ec59e081eeb59529491995ce0d653a5209366611023a0b3a
  md5: 4ebae00eae9705b0c3d6d1018a81d047
  depends:
  - importlib-metadata >=4.8.3
  - jupyter_core >=4.12,!=5.0.*
  - python >=3.9
  - python-dateutil >=2.8.2
  - pyzmq >=23.0
  - tornado >=6.2
  - traitlets >=5.3
  license: BSD-3-Clause
  license_family: BSD
  size: 106342
  timestamp: 1733441040958
- conda: https://conda.anaconda.org/conda-forge/noarch/jupyter_core-5.9.1-pyhc90fa1f_0.conda
  sha256: 1d34b80e5bfcd5323f104dbf99a2aafc0e5d823019d626d0dce5d3d356a2a52a
  md5: b38fe4e78ee75def7e599843ef4c1ab0
  depends:
  - __unix
  - python
  - platformdirs >=2.5
  - python >=3.10
  - traitlets >=5.3
  - python
  constrains:
  - pywin32 >=300
  license: BSD-3-Clause
  license_family: BSD
  size: 65503
  timestamp: 1760643864586
- conda: https://conda.anaconda.org/conda-forge/noarch/libcxx-headers-22.1.8-h707e725_0.conda
  sha256: 0b9853ca0d29729488519ab5c61401b1ade22b15841dae8bf299e6980fe1c964
  md5: 2306682595f6d2a5e67fab177427e139
  depends:
  - __unix
  constrains:
  - clangxx >=19
  - gxx_osx-64 >=14
  - libcxx-devel 22.1.8
  - gxx_osx-arm64 >=14
  - gxx_linux-64 >=14
  license: Apache-2.0 WITH LLVM-exception
  license_family: Apache
  run_exports: {}
  size: 1149924
  timestamp: 1781670214284
- conda: https://conda.anaconda.org/conda-forge/noarch/macosx_deployment_target_osx-arm64-13.0-h95484f9_7.conda
  sha256: db707894be9c35a6018302b9e8ee118af88dfecf5a53dec3babe960f1d8169bf
  md5: 70cfaa23dff3b09e7fc2acfafd35ccc8
  license: BSD-3-Clause
  license_family: BSD
  run_exports:
    strong:
    - __osx >=13.0
  size: 4994
  timestamp: 1771434083543
- conda: https://conda.anaconda.org/conda-forge/noarch/mypy_extensions-1.1.0-pyha770c72_0.conda
  sha256: 6ed158e4e5dd8f6a10ad9e525631e35cee8557718f83de7a4e3966b1f772c4b1
  md5: e9c622e0d00fa24a6292279af3ab6d06
  depends:
  - python >=3.9
  license: MIT
  license_family: MIT
  size: 11766
  timestamp: 1745776666688
- conda: https://conda.anaconda.org/conda-forge/noarch/packaging-26.2-pyhc364b38_0.conda
  sha256: 3906abfb6511a3bb309e39b9b1b7bc38f50a723971de2395489fd1f379255890
  md5: 4c06a92e74452cfa53623a81592e8934
  depends:
  - python >=3.8
  - python
  license: Apache-2.0
  license_family: APACHE
  size: 91574
  timestamp: 1777103621679
- conda: https://conda.anaconda.org/conda-forge/noarch/pathspec-1.1.1-pyhd8ed1ab_0.conda
  sha256: 6eaee417d33f298db79bc7185ab1208604c0e6cf51dade34cd513c6f9db9c6f3
  md5: 11adc78451c998c0fd162584abfa3559
  depends:
  - python >=3.10
  license: MPL-2.0
  license_family: MOZILLA
  size: 56559
  timestamp: 1777271601895
- conda: https://conda.anaconda.org/conda-forge/noarch/platformdirs-4.10.0-pyhcf101f3_0.conda
  sha256: 9e5e1fd3506ccfc4d444fc4d2d39b0ed097d5d0e3bd3d4bdf6bcc81aaf66860d
  md5: 2c5ef45db85d34799771629bd5860fd7
  depends:
  - python >=3.10
  - python
  license: MIT
  license_family: MIT
  size: 26308
  timestamp: 1779972894916
- conda: https://conda.anaconda.org/conda-forge/noarch/python-dateutil-2.9.0.post0-pyhe01879c_2.conda
  sha256: d6a17ece93bbd5139e02d2bd7dbfa80bee1a4261dced63f65f679121686bf664
  md5: 5b8d21249ff20967101ffa321cab24e8
  depends:
  - python >=3.9
  - six >=1.5
  - python
  license: Apache-2.0
  license_family: APACHE
  size: 233310
  timestamp: 1751104122689
- conda: https://conda.anaconda.org/conda-forge/noarch/python-gil-3.14.5-h4df99d1_100.conda
  sha256: 41dd7da285d71d519257fa7dacb1cae060d5ebfaa5f92cba5994899d2978e943
  md5: 41954747ba952ec4b01e16c2c9e8d8ff
  depends:
  - cpython 3.14.5.*
  - python_abi * *_cp314
  license: Python-2.0
  size: 50212
  timestamp: 1779236703009
- conda: https://conda.anaconda.org/conda-forge/noarch/python_abi-3.14-8_cp314.conda
  build_number: 8
  sha256: ad6d2e9ac39751cc0529dd1566a26751a0bf2542adb0c232533d32e176e21db5
  md5: 0539938c55b6b1a59b560e843ad864a4
  constrains:
  - python 3.14.* *_cp314
  license: BSD-3-Clause
  license_family: BSD
  size: 6989
  timestamp: 1752805904792
- conda: https://conda.anaconda.org/conda-forge/noarch/sdkroot_env_osx-arm64-26.0-ha3f98da_7.conda
  sha256: fabfe031ede99898cb2b0b805f6c0d64fcc24ecdb444de3a83002d8135bf4804
  md5: 5f0ebbfea12d8e5bddff157e271fdb2f
  license: BSD-3-Clause
  license_family: BSD
  run_exports: {}
  size: 4971
  timestamp: 1771434195389
- conda: https://conda.anaconda.org/conda-forge/noarch/six-1.17.0-pyhe01879c_1.conda
  sha256: 458227f759d5e3fcec5d9b7acce54e10c9e1f4f4b7ec978f3bfd54ce4ee9853d
  md5: 3339e3b65d58accf4ca4fb8748ab16b3
  depends:
  - python >=3.9
  - python
  license: MIT
  license_family: MIT
  size: 18455
  timestamp: 1753199211006
- conda: https://conda.anaconda.org/conda-forge/noarch/tomli-2.4.1-pyhcf101f3_0.conda
  sha256: 91cafdb64268e43e0e10d30bd1bef5af392e69f00edd34dfaf909f69ab2da6bd
  md5: b5325cf06a000c5b14970462ff5e4d58
  depends:
  - python >=3.10
  - python
  license: MIT
  license_family: MIT
  size: 21561
  timestamp: 1774492402955
- conda: https://conda.anaconda.org/conda-forge/noarch/traitlets-5.15.1-pyhcf101f3_0.conda
  sha256: b89a823edf524956b94a2a4db974866e4501f05c68976eff458c5dcf07f88431
  md5: 37e3be7b6e2977d37b8fa5da229f5dc0
  depends:
  - python >=3.10
  - python
  license: BSD-3-Clause
  license_family: BSD
  size: 115158
  timestamp: 1780507822178
- conda: https://conda.anaconda.org/conda-forge/noarch/tzdata-2025c-hc9c84f9_1.conda
  sha256: 1d30098909076af33a35017eed6f2953af1c769e273a0626a04722ac4acaba3c
  md5: ad659d0a2b3e47e38d829aa8cad2d610
  license: LicenseRef-Public-Domain
  size: 119135
  timestamp: 1767016325805
- conda: https://conda.anaconda.org/conda-forge/noarch/zipp-4.1.0-pyhcf101f3_0.conda
  sha256: 210bd31c22bb88f5e2a167df24c95bb5f152b2ada7502f9b8c49d1f5366db423
  md5: ba3dcdc8584155c97c648ae9c044b7a3
  depends:
  - python >=3.10
  - python
  license: MIT
  license_family: MIT
  size: 24190
  timestamp: 1779159948016
- conda: https://conda.anaconda.org/conda-forge/osx-arm64/bzip2-1.0.8-h4e30115_10.conda
  sha256: 8ec22f0ba25cbfc2e64d70cf29459eccd7ffdf6436f6a6ff15bbfef799f7d4f6
  md5: b50612e7d190b8061ab4e7dc119cf4d5
  depends:
  - __osx >=11.0
  license: bzip2-1.0.6
  license_family: BSD
  run_exports:
    weak:
    - bzip2 >=1.0.8,<2.0a0
  size: 124965
  timestamp: 1785906749812
- conda: https://conda.anaconda.org/conda-forge/osx-arm64/bzip2-1.0.8-hd037594_9.conda
  sha256: 540fe54be35fac0c17feefbdc3e29725cce05d7367ffedfaaa1bdda234b019df
  md5: 620b85a3f45526a8bc4d23fd78fc22f0
  depends:
  - __osx >=11.0
  license: bzip2-1.0.6
  license_family: BSD
  size: 124834
  timestamp: 1771350416561
- conda: https://conda.anaconda.org/conda-forge/osx-arm64/c-ares-1.34.8-h74c22ad_2.conda
  sha256: 82bdd5a3fcada6afef6255a9bf41172f07b362f36e04a354dc2abc0a29bfb756
  md5: 4cc01a374215de38387d45e19c8c5c9c
  depends:
  - __osx >=11.0
  license: MIT
  license_family: MIT
  run_exports:
    weak:
    - c-ares >=1.34.8,<2.0a0
  size: 197819
  timestamp: 1787169996553
- conda: https://conda.anaconda.org/conda-forge/osx-arm64/cctools_impl_osx-arm64-1030.6.3-llvm22_1_h7bf7afb_5.conda
  sha256: 4e973a6236849d4f52b4463609654980ce60e6cd3cad71de9480f63ff9767548
  md5: 65296f920674a115310cc3f3ce1bc8fc
  depends:
  - __osx >=11.0
  - ld64_osx-arm64 >=956.6,<956.7.0a0
  - libcxx
  - libllvm22 >=22.1.8,<22.2.0a0
  - libzlib >=1.3.2,<2.0a0
  - llvm-tools 22.1.*
  - sigtool-codesign
  constrains:
  - ld64 956.6.*
  - cctools 1030.6.3.*
  - clang 22.1.*
  license: APSL-2.0
  license_family: Other
  run_exports: {}
  size: 752126
  timestamp: 1785270918177
- conda: https://conda.anaconda.org/conda-forge/osx-arm64/cctools_osx-arm64-1030.6.3-llvm22_1_hbe26303_5.conda
  sha256: 4c3231dad1abca8b04b8ddbb1cdbad6fe30d8573b18797c8a752afd4d1560d90
  md5: 6426ea39a027d0fb8013521b40b1b095
  depends:
  - cctools_impl_osx-arm64 1030.6.3 llvm22_1_h7bf7afb_5
  - ld64_osx-arm64 956.6 llvm22_1_h692d5aa_5
  constrains:
  - cctools 1030.6.3.*
  license: APSL-2.0
  license_family: Other
  run_exports: {}
  size: 23619
  timestamp: 1785270937403
- conda: https://conda.anaconda.org/conda-forge/osx-arm64/clang-22-22.1.8-default_h54a73ef_9.conda
  sha256: 9a6cec88635856d7f62ca615c95e37f4674d8f0bf4ef8e7c39ffcf513aa1f76c
  md5: 46a43a8b768f4abd45995a0ec92581f3
  depends:
  - compiler-rt22 ==22.1.8
  - libclang-cpp22.1 ==22.1.8 default_h79071a4_9
  - libcxx >=22.1.8
  - __osx >=11.0
  - zstd >=1.5.7,<1.6.0a0
  - libxml2
  - libxml2-16 >=2.15.3
  - libzlib >=1.3.2,<2.0a0
  - libllvm22 >=22.1.8,<22.2.0a0
  - libclang-cpp22.1 >=22.1.8,<22.2.0a0
  license: Apache-2.0 WITH LLVM-exception
  license_family: APACHE
  run_exports: {}
  size: 924796
  timestamp: 1787349779831
- conda: https://conda.anaconda.org/conda-forge/osx-arm64/clang-scan-deps-22.1.8-default_h79071a4_9.conda
  sha256: bbb3e4e7e09b43880b436b0d000612cf3ab4e9f6344a2e9e3cc77e734b2fa62c
  md5: d61a52eada41177a1734e2fae4715878
  depends:
  - libclang13 >=22.1.8
  - libclang-cpp22.1 >=22.1.8,<22.2.0a0
  - libcxx >=22.1.8
  - __osx >=11.0
  - zstd >=1.5.7,<1.6.0a0
  - libxml2
  - libxml2-16 >=2.15.3
  - libzlib >=1.3.2,<2.0a0
  - libllvm22 >=22.1.8,<22.2.0a0
  license: Apache-2.0 WITH LLVM-exception
  license_family: APACHE
  run_exports: {}
  size: 116207
  timestamp: 1787349779831
- conda: https://conda.anaconda.org/conda-forge/osx-arm64/clang_impl_osx-arm64-22.1.8-default_h79071a4_9.conda
  sha256: 36ac0e4d0430832b68f36e255fe53c9d07180d0cf756d14a600a7c377c007e79
  md5: 2aa1656f46395a10bb9e666b7398a368
  depends:
  - clang-22 ==22.1.8 default_*
  - compiler-rt_osx-arm64 ==22.1.8
  - compiler-rt ==22.1.8
  - cctools_impl_osx-arm64
  - ld64_osx-arm64 * llvm22_1_*
  - __osx >=11.0
  - zstd >=1.5.7,<1.6.0a0
  - libxml2
  - libxml2-16 >=2.15.3
  - libzlib >=1.3.2,<2.0a0
  license: Apache-2.0 WITH LLVM-exception
  license_family: APACHE
  run_exports: {}
  size: 31777
  timestamp: 1787349779831
- conda: https://conda.anaconda.org/conda-forge/osx-arm64/clang_osx-arm64-22.1.8-hc95f77d_34.conda
  sha256: a9b0fab88fee7ecba58d56f31a0a8244be7258c7ef764932f04440932ee49850
  md5: 1f4e1b97ecae7a6a73e3eabc59a79b16
  depends:
  - cctools_osx-arm64
  - clang_impl_osx-arm64 22.1.8.*
  - sdkroot_env_osx-arm64
  license: BSD-3-Clause
  license_family: BSD
  run_exports: {}
  size: 20683
  timestamp: 1785272135295
- conda: https://conda.anaconda.org/conda-forge/osx-arm64/clangxx_impl_osx-arm64-22.1.8-default_h350d358_9.conda
  sha256: 8a4e922fd277e36b7392fe9cbfb7ac3ae9e4743f6f75581421e83088cb7f6b71
  md5: cf27f388b4cac48c7c9a79434975ba82
  depends:
  - clang-22 ==22.1.8 default_*
  - clang_impl_osx-arm64 ==22.1.8 default_h79071a4_9
  - clang-scan-deps ==22.1.8 default_h79071a4_9
  - libcxx-devel 22.1.*
  - __osx >=11.0
  - zstd >=1.5.7,<1.6.0a0
  - libxml2
  - libxml2-16 >=2.15.3
  - libzlib >=1.3.2,<2.0a0
  license: Apache-2.0 WITH LLVM-exception
  license_family: APACHE
  run_exports: {}
  size: 31898
  timestamp: 1787349779831
- conda: https://conda.anaconda.org/conda-forge/osx-arm64/clangxx_osx-arm64-22.1.8-hc95f77d_34.conda
  sha256: db85e6a36a53d88d4922d482bc3072d997bec784144a9feb11ed3635871cc8c9
  md5: 39cd8098b0da45caccb268c0ac3872f6
  depends:
  - cctools_osx-arm64
  - clang_osx-arm64 22.1.8 hc95f77d_34
  - clangxx_impl_osx-arm64 22.1.8.*
  - sdkroot_env_osx-arm64
  license: BSD-3-Clause
  license_family: BSD
  run_exports:
    strong:
    - libcxx >=22
  size: 19380
  timestamp: 1785272140393
- conda: https://conda.anaconda.org/conda-forge/osx-arm64/cmake-4.4.2-hf91ab31_2.conda
  sha256: 0cb477086fb97e23721cda6871530c0210b760d269567e64dcaecb5669768edd
  md5: da667d2aa5cf17ad2666a7fe540dcd1f
  depends:
  - libcxx >=21
  - __osx >=11.0
  - libuv >=1.52.1,<2.0a0
  - libexpat >=2.8.1,<3.0a0
  - rhash >=1.4.6,<2.0a0
  - bzip2 >=1.0.8,<2.0a0
  - libzlib >=1.3.2,<2.0a0
  - zstd >=1.5.7,<1.6.0a0
  - ncurses >=6.6,<7.0a0
  - liblzma >=5.8.3,<6.0a0
  - libcurl >=8.21.0,<9.0a0
  license: BSD-3-Clause
  license_family: BSD
  run_exports: {}
  size: 20204775
  timestamp: 1787209840094
- conda: https://conda.anaconda.org/conda-forge/osx-arm64/compiler-rt-22.1.8-hce30654_2.conda
  sha256: 28c01956aefbe38a8bddde58bb2398789fd580ffb341a12c54f44a542fa1a358
  md5: fa14e650717aac340bcc3251bab8117b
  depends:
  - compiler-rt22 22.1.8 hdb3d66b_2
  - libcompiler-rt 22.1.8 hdb3d66b_2
  constrains:
  - clang 22.1.8
  license: Apache-2.0 WITH LLVM-exception
  license_family: APACHE
  run_exports: {}
  size: 16634
  timestamp: 1787293624982
- conda: https://conda.anaconda.org/conda-forge/osx-arm64/compiler-rt22-22.1.8-hdb3d66b_2.conda
  sha256: cfa490c27082b9aca7a087548c2608daf5af2644f0eb8345fba7d4baa45fd03d
  md5: da9362e9de3e1f80c9786a268ff22bfa
  depends:
  - __osx >=11.0
  - compiler-rt22_osx-arm64 22.1.8.*
  license: Apache-2.0 WITH LLVM-exception
  license_family: APACHE
  run_exports: {}
  size: 99807
  timestamp: 1787293624048
- conda: https://conda.anaconda.org/conda-forge/osx-arm64/icu-78.3-hef89b57_0.conda
  sha256: 3a7907a17e9937d3a46dfd41cffaf815abad59a569440d1e25177c15fd0684e5
  md5: f1182c91c0de31a7abd40cedf6a5ebef
  depends:
  - __osx >=11.0
  license: MIT
  license_family: MIT
  size: 12361647
  timestamp: 1773822915649
- conda: https://conda.anaconda.org/conda-forge/osx-arm64/icu-78.3-py310h579977c_2.conda
  sha256: 6cdb5dee54c72e56ab189fb3ad33cb28533553d42590e7e831160248f4416a43
  md5: a5efc0b42bb8b42e97d0a29ae3e3c187
  depends:
  - __osx >=11.0
  license: MIT
  license_family: MIT
  run_exports:
    weak:
    - icu >=78.3,<79.0a0
  size: 14070242
  timestamp: 1786545847761
- conda: https://conda.anaconda.org/conda-forge/osx-arm64/krb5-1.22.2-h34f8a20_2.conda
  sha256: aaea1d42b07769920db2af7471ece9399d2613448863da64ad8272998db5db34
  md5: 15235dd10450d67bc25ccafd5b46d2bc
  depends:
  - __osx >=11.0
  - libcxx >=21
  - libedit >=3.1.20250104,<3.2.0a0
  - libedit >=3.1.20250104,<4.0a0
  - openssl >=3.5.7,<4.0a0
  license: MIT
  license_family: MIT
  run_exports:
    weak:
    - krb5 >=1.22.2,<1.23.0a0
  size: 1165740
  timestamp: 1786762145768
- conda: https://conda.anaconda.org/conda-forge/osx-arm64/krb5-1.22.2-h385eeb1_0.conda
  sha256: c0a0bf028fe7f3defcdcaa464e536cf1b202d07451e18ad83fdd169d15bef6ed
  md5: e446e1822f4da8e5080a9de93474184d
  depends:
  - __osx >=11.0
  - libcxx >=19
  - libedit >=3.1.20250104,<3.2.0a0
  - libedit >=3.1.20250104,<4.0a0
  - openssl >=3.5.5,<4.0a0
  license: MIT
  license_family: MIT
  size: 1160828
  timestamp: 1769770119811
- conda: https://conda.anaconda.org/conda-forge/osx-arm64/ld64_osx-arm64-956.6-llvm22_1_h692d5aa_5.conda
  sha256: 0ae96297b92a8148219d3450b989caaa37c6a8f03c3b891d204946e9b2a8f69d
  md5: b84ec86a7de90fd23133d5f527943329
  depends:
  - __osx >=11.0
  - libcxx
  - libllvm22 >=22.1.8,<22.2.0a0
  - sigtool-codesign
  - tapi >=1600.0.11.8,<1601.0a0
  constrains:
  - cctools_impl_osx-arm64 1030.6.3.*
  - ld64 956.6.*
  - cctools 1030.6.3.*
  - clang 22.1.*
  license: APSL-2.0
  license_family: Other
  run_exports: {}
  size: 1038789
  timestamp: 1785270893798
- conda: https://conda.anaconda.org/conda-forge/osx-arm64/libclang-cpp22.1-22.1.8-default_h79071a4_9.conda
  sha256: dee9afef1b1e45bb2fa7fed485d095e3184a34cc06697ca3df7b46b5cb618f7b
  md5: 55ee288cf2d7e6d4581a714f7da59914
  depends:
  - libcxx >=22.1.8
  - __osx >=11.0
  - zstd >=1.5.7,<1.6.0a0
  - libxml2
  - libxml2-16 >=2.15.3
  - libzlib >=1.3.2,<2.0a0
  - libllvm22 >=22.1.8,<22.2.0a0
  license: Apache-2.0 WITH LLVM-exception
  license_family: APACHE
  run_exports:
    weak:
    - libclang-cpp22.1 >=22.1.8,<22.2.0a0
  size: 15941619
  timestamp: 1787349779831
- conda: https://conda.anaconda.org/conda-forge/osx-arm64/libclang13-22.1.8-default_h54a73ef_9.conda
  sha256: 93a3485f7c08dc4f6528913801e60e8bd93742d5058d335aa482548d9a50678b
  md5: 349f80d4b7d80b25c88c00cb5eac5f74
  depends:
  - libclang-cpp22.1 ==22.1.8 default_h79071a4_9
  - libcxx >=22.1.8
  - __osx >=11.0
  - zstd >=1.5.7,<1.6.0a0
  - libxml2
  - libxml2-16 >=2.15.3
  - libzlib >=1.3.2,<2.0a0
  - libllvm22 >=22.1.8,<22.2.0a0
  license: Apache-2.0 WITH LLVM-exception
  license_family: APACHE
  run_exports:
    weak:
    - libclang13 >=22.1.8
  size: 9988216
  timestamp: 1787349779831
- conda: https://conda.anaconda.org/conda-forge/osx-arm64/libcompiler-rt-22.1.8-hdb3d66b_2.conda
  sha256: ed70856638465fa1e3dbce41b7512425a63789774368e4b9878249517daeecad
  md5: 1ea9adef104f7304dc445153f1f19274
  depends:
  - __osx >=11.0
  constrains:
  - compiler-rt >=9.0.1
  license: Apache-2.0 WITH LLVM-exception
  license_family: APACHE
  run_exports:
    weak:
    - libcompiler-rt >=22.1.8
  size: 1374400
  timestamp: 1787293619574
- conda: https://conda.anaconda.org/conda-forge/osx-arm64/libcurl-8.21.0-h6651222_5.conda
  sha256: 59dd850def9473e7f63ed72afc750bba9670316f279c0bd409572cd47569ed5f
  md5: 5ae67c128838b686894b4a3aef015c29
  depends:
  - __osx >=11.0
  - krb5 >=1.22.2,<1.23.0a0
  - libnghttp2 >=1.68.1,<2.0a0
  - libpsl >=0.23.1,<0.24.0a0
  - libssh2 >=1.11.1,<2.0a0
  - libzlib >=1.3.2,<2.0a0
  - openssl >=3.5.7,<4.0a0
  - zstd >=1.5.7,<1.6.0a0
  license: curl
  license_family: MIT
  run_exports:
    weak:
    - libcurl >=8.21.0,<9.0a0
  size: 409852
  timestamp: 1787183686192
- conda: https://conda.anaconda.org/conda-forge/osx-arm64/libcxx-22.1.7-h55c6f16_0.conda
  sha256: cceb668dc1b71f054b1036dd83eca2e02c0c3a4b2ba3ad28c74a982d819597a3
  md5: 0325fbe13eb6dd39234eb305ac1b3cb8
  depends:
  - __osx >=11.0
  license: Apache-2.0 WITH LLVM-exception
  license_family: Apache
  size: 568252
  timestamp: 1780441702930
- conda: https://conda.anaconda.org/conda-forge/osx-arm64/libcxx-22.1.8-h55c6f16_0.conda
  sha256: a2e7abab5add9750fab064c024394de48e49f97631c605ad5db5c8ac3fc769ef
  md5: 89f76a2a21a3ec3ec983b5eb237c4113
  depends:
  - __osx >=11.0
  license: Apache-2.0 WITH LLVM-exception
  license_family: Apache
  run_exports: {}
  size: 569349
  timestamp: 1781670209146
- conda: https://conda.anaconda.org/conda-forge/osx-arm64/libcxx-devel-22.1.8-h6dc3340_0.conda
  sha256: e734ac1ed426d09363d242674a286dc004f041ad1167e73912e11d3634cee09d
  md5: f7784a43f0ed7158e918fd8ec0843b47
  depends:
  - libcxx >=22.1.8
  - libcxx-headers >=22.1.8,<22.1.9.0a0
  license: Apache-2.0 WITH LLVM-exception
  license_family: Apache
  run_exports: {}
  size: 21687
  timestamp: 1781670229781
- conda: https://conda.anaconda.org/conda-forge/osx-arm64/libedit-3.1.20250104-pl5321h26f1114_1.conda
  sha256: 257c926f19e32bdb981fc674c76966049b6fc73f706bae58e9fed8757ad1da70
  md5: 843ef89082f368cb889305084d3b483c
  depends:
  - ncurses
  - __osx >=11.0
  - ncurses >=6.6,<7.0a0
  license: BSD-2-Clause
  license_family: BSD
  run_exports:
    weak:
    - libedit >=3.1.20250104,<3.2.0a0
  size: 107742
  timestamp: 1786616721640
- conda: https://conda.anaconda.org/conda-forge/osx-arm64/libedit-3.1.20250104-pl5321hafb1f1b_0.conda
  sha256: 66aa216a403de0bb0c1340a88d1a06adaff66bae2cfd196731aa24db9859d631
  md5: 44083d2d2c2025afca315c7a172eab2b
  depends:
  - ncurses
  - __osx >=11.0
  - ncurses >=6.5,<7.0a0
  license: BSD-2-Clause
  license_family: BSD
  size: 107691
  timestamp: 1738479560845
- conda: https://conda.anaconda.org/conda-forge/osx-arm64/libev-4.33-h1a92334_3.conda
  sha256: c0100064506ae8abb432c5a506d474f10af2cf48c33d62bc221fb28b6d6ff6ac
  md5: 19e86c8a6a47e92bb2e70ca12e758c5c
  depends:
  - __osx >=11.0
  license: BSD-2-Clause OR GPL-2.0-or-later
  license_family: GPL
  run_exports:
    weak:
    - libev >=4.33,<4.34.0a0
  size: 39991
  timestamp: 1785917376956
- conda: https://conda.anaconda.org/conda-forge/osx-arm64/libexpat-2.8.1-hf6b4638_0.conda
  sha256: 3133fb6bfa871288b92c8b8752696686a841bf4ffe035aa3038033c9e15b738e
  md5: ef22e9ab1dc7c2f334252f565f90b3b8
  depends:
  - __osx >=11.0
  constrains:
  - expat 2.8.1.*
  license: MIT
  license_family: MIT
  size: 69110
  timestamp: 1779278728511
- conda: https://conda.anaconda.org/conda-forge/osx-arm64/libexpat-2.8.1-hf6b4638_1.conda
  sha256: 5af74261101e3c777399c6294b2b5d290e508153268eb2e9ff99c4d69834612f
  md5: a915151d5d3c5bf039f5ccc8402a436f
  depends:
  - __osx >=11.0
  constrains:
  - expat 2.8.1.*
  license: MIT
  license_family: MIT
  run_exports: {}
  size: 69362
  timestamp: 1781203631990
- conda: https://conda.anaconda.org/conda-forge/osx-arm64/libffi-3.5.2-hcf2aa1b_0.conda
  sha256: 6686a26466a527585e6a75cc2a242bf4a3d97d6d6c86424a441677917f28bec7
  md5: 43c04d9cb46ef176bb2a4c77e324d599
  depends:
  - __osx >=11.0
  license: MIT
  license_family: MIT
  size: 40979
  timestamp: 1769456747661
- conda: https://conda.anaconda.org/conda-forge/osx-arm64/libiconv-1.18-he4c29f2_3.conda
  sha256: 689a14968267f2f97c07112fca5636e7d756036b9aee969911267c20bd3eea1f
  md5: 17f4744c0873e9f77ac9b5cd0a27c187
  depends:
  - __osx >=11.0
  license: LGPL-2.1-only
  run_exports:
    weak:
    - libiconv >=1.18,<2.0a0
  size: 750816
  timestamp: 1787033961086
- conda: https://conda.anaconda.org/conda-forge/osx-arm64/libllvm22-22.1.8-h759d1ac_2.conda
  sha256: 0d9f5b0d13e3b6b94132ebe5ce79edbd7790e089249852ce3e061888f1b0a0c5
  md5: 6f1791ed2becb128eb25d6819fea99b6
  depends:
  - __osx >=11.0
  - libcxx >=21
  - libxml2
  - libxml2-16 >=2.15.3
  - libzlib >=1.3.2,<2.0a0
  - zstd >=1.5.7,<1.6.0a0
  license: Apache-2.0 WITH LLVM-exception
  license_family: Apache
  run_exports:
    weak:
    - libllvm22 >=22.1.8,<22.2.0a0
  size: 30239322
  timestamp: 1787282732568
- conda: https://conda.anaconda.org/conda-forge/osx-arm64/liblzma-5.8.3-h8088a28_0.conda
  sha256: 34878d87275c298f1a732c6806349125cebbf340d24c6c23727268184bba051e
  md5: b1fd823b5ae54fbec272cea0811bd8a9
  depends:
  - __osx >=11.0
  constrains:
  - xz 5.8.3.*
  license: 0BSD
  size: 92472
  timestamp: 1775825802659
- conda: https://conda.anaconda.org/conda-forge/osx-arm64/liblzma-5.8.3-h8088a28_1.conda
  sha256: 23d0630046a3e8b164d8f80f2b74ed2605af2e7050ab9913018056402fae4311
  md5: 8ab10323068b107661a4b9a4af84f3b5
  depends:
  - __osx >=11.0
  constrains:
  - xz 5.8.3.*
  license: 0BSD
  run_exports:
    weak:
    - liblzma >=5.8.3,<6.0a0
  size: 91720
  timestamp: 1786348695846
- conda: https://conda.anaconda.org/conda-forge/osx-arm64/libmpdec-4.0.0-h84a0fba_1.conda
  sha256: 1089c7f15d5b62c622625ec6700732ece83be8b705da8c6607f4dabb0c4bd6d2
  md5: 57c4be259f5e0b99a5983799a228ae55
  depends:
  - __osx >=11.0
  license: BSD-2-Clause
  license_family: BSD
  size: 73690
  timestamp: 1769482560514
- conda: https://conda.anaconda.org/conda-forge/osx-arm64/libnghttp2-1.68.1-h435687b_1.conda
  sha256: 445440d8cccccb6585f71d1eb7c949d64a2af2ced5481d924621424ff3b6a398
  md5: ac9902dcbe0417f50cf95ab2bde062fa
  depends:
  - __osx >=11.0
  - c-ares >=1.34.8,<2.0a0
  - libcxx >=21
  - libev >=4.33,<4.34.0a0
  - libev >=4.33,<5.0a0
  - libzlib >=1.3.2,<2.0a0
  - openssl >=3.5.7,<4.0a0
  license: MIT
  license_family: MIT
  run_exports:
    weak:
    - libnghttp2 >=1.68.1,<2.0a0
  size: 567024
  timestamp: 1787177422467
- conda: https://conda.anaconda.org/conda-forge/osx-arm64/libpsl-0.23.1-hdb0c161_1.conda
  sha256: c8c3153df39abedf3413483f672151ad70f1adb0c06c192bdf7ec432c3616b07
  md5: 5d270f716a2b4bc13df9af8612071b17
  depends:
  - __osx >=11.0
  - libcxx >=21
  - icu >=78.3,<79.0a0
  license: MIT
  license_family: MIT
  run_exports:
    weak:
    - libpsl >=0.23.1,<0.24.0a0
  size: 72673
  timestamp: 1786970928205
- conda: https://conda.anaconda.org/conda-forge/osx-arm64/libsigtool-0.1.3-h98dc951_1.conda
  sha256: fcfa03afe31f40dfabf011629d99836adbebbc3ed1b38c7e9eee9ffc7581975b
  md5: c70eb797aa92a294b09ef8f41f6bd578
  depends:
  - __osx >=11.0
  - openssl >=3.5.7,<4.0a0
  license: MIT
  license_family: MIT
  run_exports: {}
  size: 36651
  timestamp: 1786115069018
- conda: https://conda.anaconda.org/conda-forge/osx-arm64/libsodium-1.0.22-h1a92334_1.conda
  sha256: 202be45db5726757a8ea1f374f85aacc18c504f5ff15b2558496dff4c8779c48
  md5: 9ed5ab909c449bdcae72322e44875a18
  depends:
  - __osx >=11.0
  license: ISC
  size: 247352
  timestamp: 1779164136206
- conda: https://conda.anaconda.org/conda-forge/osx-arm64/libsqlite-3.53.2-h1ae2325_0.conda
  sha256: 862463917e8ef5ac3ebdaf8f19914634b457609cc27ba678b7197124cefeb1f7
  md5: 1ebde5c677f00765233a17e278571177
  depends:
  - __osx >=11.0
  - icu >=78.3,<79.0a0
  - libzlib >=1.3.2,<2.0a0
  license: blessing
  size: 927724
  timestamp: 1780575223548
- conda: https://conda.anaconda.org/conda-forge/osx-arm64/libssh2-1.11.1-hbf2880b_1.conda
  sha256: a056e518c3d2d09fbb1778cea80c0c95338fb24adf1a817bbf90fb484850a304
  md5: d957a8eda98c49b073e8dcfd677c127a
  depends:
  - libzlib >=1.3.2,<2.0a0
  - openssl >=3.5.7,<4.0a0
  license: BSD-3-Clause
  license_family: BSD
  run_exports:
    weak:
    - libssh2 >=1.11.1,<2.0a0
  size: 280492
  timestamp: 1786714226814
- conda: https://conda.anaconda.org/conda-forge/osx-arm64/libuv-1.52.1-h1a92334_1.conda
  sha256: 4f47de9de1990efd998edbbd6793f89c8f02ffde987ae8120b1c006acefd2a04
  md5: de09bd0f175611e94f21b28f8c708e80
  depends:
  - __osx >=11.0
  license: MIT
  license_family: MIT
  run_exports:
    weak:
    - libuv >=1.52.1,<2.0a0
  size: 122729
  timestamp: 1785914645797
- conda: https://conda.anaconda.org/conda-forge/osx-arm64/libxml2-16-2.15.3-h5ef1a60_1.conda
  sha256: 2ca61d8287339c726b151fa612e83d2afa1418b89fa17694c873dc231bc9b077
  md5: f86c0b8ac5c866049717b55df1049c2c
  depends:
  - __osx >=11.0
  - icu >=78.3,<79.0a0
  - libiconv >=1.18,<2.0a0
  - liblzma >=5.8.3,<6.0a0
  - libzlib >=1.3.2,<2.0a0
  constrains:
  - libxml2 2.15.3
  license: MIT
  license_family: MIT
  run_exports: {}
  size: 466188
  timestamp: 1787237580766
- conda: https://conda.anaconda.org/conda-forge/osx-arm64/libxml2-2.15.3-h5654f7c_1.conda
  sha256: ff1b70683ccb82f8aa7f3eda53405a2036d849daba4e4e622f330dcd49d37700
  md5: 06a3f8eb5cdde56b2d10b49ae3337954
  depends:
  - __osx >=11.0
  - icu >=78.3,<79.0a0
  - libiconv >=1.18,<2.0a0
  - liblzma >=5.8.3,<6.0a0
  - libxml2-16 2.15.3 h5ef1a60_1
  - libzlib >=1.3.2,<2.0a0
  license: MIT
  license_family: MIT
  run_exports:
    weak:
    - libxml2
    - libxml2-16 >=2.15.3
  size: 41264
  timestamp: 1787237585903
- conda: https://conda.anaconda.org/conda-forge/osx-arm64/libzlib-1.3.2-h8088a28_2.conda
  sha256: 361415a698514b19a852f5d1123c5da746d4642139904156ddfca7c922d23a05
  md5: bc5a5721b6439f2f62a84f2548136082
  depends:
  - __osx >=11.0
  constrains:
  - zlib 1.3.2 *_2
  license: Zlib
  license_family: Other
  size: 47759
  timestamp: 1774072956767
- conda: https://conda.anaconda.org/conda-forge/osx-arm64/libzlib-1.3.2-h8088a28_3.conda
  sha256: a18fa5d5bac452401459f966cf0d872224e8080c4ff93c77e168d43ab42ef9d7
  md5: f39288f0ea63ae962e1a2e4f355a0d75
  depends:
  - __osx >=11.0
  constrains:
  - zlib 1.3.2 *_3
  license: Zlib
  license_family: Other
  run_exports:
    weak:
    - libzlib >=1.3.2,<2.0a0
  size: 47822
  timestamp: 1785277049190
- conda: https://conda.anaconda.org/conda-forge/osx-arm64/llvm-tools-22-22.1.8-h79441dc_2.conda
  sha256: 7034bea200b67b6a1effbf350cb34518786715a2640247f85173d9ee4159ad11
  md5: dffb5b6ba46221e9c287d09721e8ac9f
  depends:
  - __osx >=11.0
  - libcxx >=21
  - libllvm22 22.1.8 h759d1ac_2
  - libzlib >=1.3.2,<2.0a0
  - zstd >=1.5.7,<1.6.0a0
  license: Apache-2.0 WITH LLVM-exception
  license_family: Apache
  run_exports: {}
  size: 17968840
  timestamp: 1787282818022
- conda: https://conda.anaconda.org/conda-forge/osx-arm64/llvm-tools-22.1.8-hdb3d66b_2.conda
  sha256: cf82447e24d3d46d7d17521ee8875eef6132313feda4f8dd2cfac989d5184189
  md5: 0b33be5a03e3f7ac75fdbbde668d8185
  depends:
  - __osx >=11.0
  - libllvm22 22.1.8 h759d1ac_2
  - llvm-tools-22 22.1.8 h79441dc_2
  constrains:
  - clang       22.1.8
  - clang-tools 22.1.8
  - llvm        22.1.8
  - llvmdev     22.1.8
  license: Apache-2.0 WITH LLVM-exception
  license_family: Apache
  run_exports: {}
  size: 51998
  timestamp: 1787282867589
- conda: https://conda.anaconda.org/conda-forge/osx-arm64/ncurses-6.6-h1d4f5a5_0.conda
  sha256: 4ea6c620b87bd1d42bb2ccc2c87cd2483fa2d7f9e905b14c223f11ff3f4c455d
  md5: 343d10ed5b44030a2f67193905aea159
  depends:
  - __osx >=11.0
  license: X11 AND BSD-3-Clause
  size: 805509
  timestamp: 1777423252320
- conda: https://conda.anaconda.org/conda-forge/osx-arm64/ncurses-6.6-he64c551_1.conda
  sha256: 7024a48c8c0d0114ed4ab53c76bf9275d50e91ba7cea367a9aead638d3c29c68
  md5: 3dfa0d0316dc246cd44937a557de4501
  depends:
  - __osx >=11.0
  license: X11 AND BSD-3-Clause
  run_exports:
    weak:
    - ncurses >=6.6,<7.0a0
  size: 804298
  timestamp: 1786355189145
- conda: https://conda.anaconda.org/conda-forge/osx-arm64/ninja-1.13.2-h3feff0a_1.conda
  sha256: 3309eaa32a97afb323edb380563206c660637046eed93886d4b6b1b0ca270076
  md5: db95a98a49313f75abcad60aefa720ed
  depends:
  - libcxx >=19
  - __osx >=11.0
  license: Apache-2.0
  license_family: APACHE
  run_exports: {}
  size: 164371
  timestamp: 1786713083876
- conda: https://conda.anaconda.org/conda-forge/osx-arm64/openssl-3.6.2-hd24854e_0.conda
  sha256: c91bf510c130a1ea1b6ff023e28bac0ccaef869446acd805e2016f69ebdc49ea
  md5: 25dcccd4f80f1638428613e0d7c9b4e1
  depends:
  - __osx >=11.0
  - ca-certificates
  license: Apache-2.0
  license_family: Apache
  size: 3106008
  timestamp: 1775587972483
- conda: https://conda.anaconda.org/conda-forge/osx-arm64/openssl-3.6.3-hd24854e_1.conda
  sha256: 66be2283b5b37dcda1332b5e74c1782a8cb14fd2e62e0d38017c2d35bf73c119
  md5: 65d1906712b85d1679263c518d011b5b
  depends:
  - __osx >=11.0
  - ca-certificates
  license: Apache-2.0
  license_family: Apache
  run_exports:
    weak:
    - openssl >=3.6.3,<4.0a0
  size: 3109132
  timestamp: 1785913735357
- conda: https://conda.anaconda.org/conda-forge/osx-arm64/python-3.14.5-h4c637c5_100_cp314.conda
  build_number: 100
  sha256: 06dec0e2f50e2f7e6a8808fcb4aff23729a3f23bcb1fca4fcbc3a341d9e38a83
  md5: f7331c9deaf21c79e5675e72b21d570b
  depends:
  - __osx >=11.0
  - bzip2 >=1.0.8,<2.0a0
  - libexpat >=2.8.0,<3.0a0
  - libffi >=3.5.2,<3.6.0a0
  - liblzma >=5.8.3,<6.0a0
  - libmpdec >=4.0.0,<5.0a0
  - libsqlite >=3.53.1,<4.0a0
  - libzlib >=1.3.2,<2.0a0
  - ncurses >=6.6,<7.0a0
  - openssl >=3.5.6,<4.0a0
  - python_abi 3.14.* *_cp314
  - readline >=8.3,<9.0a0
  - tk >=8.6.13,<8.7.0a0
  - tzdata
  - zstd >=1.5.7,<1.6.0a0
  license: Python-2.0
  size: 13560854
  timestamp: 1779238292621
  python_site_packages_path: lib/python3.14/site-packages
- conda: https://conda.anaconda.org/conda-forge/osx-arm64/pyzmq-27.1.0-py312h022ad19_3.conda
  noarch: python
  sha256: 086cc67ec57afb7c9c09b5e09e7356b536b5b1af6c2e97117dc022cd22f0d472
  md5: 73f22bde4991f30ae2bfac3811577c15
  depends:
  - python
  - libcxx >=19
  - __osx >=11.0
  - zeromq >=4.3.5,<4.4.0a0
  - _python_abi3_support 1.*
  - cpython >=3.12
  license: BSD-3-Clause
  license_family: BSD
  size: 191432
  timestamp: 1779484184540
- conda: https://conda.anaconda.org/conda-forge/osx-arm64/readline-8.3-h46df422_0.conda
  sha256: a77010528efb4b548ac2a4484eaf7e1c3907f2aec86123ed9c5212ae44502477
  md5: f8381319127120ce51e081dce4865cf4
  depends:
  - __osx >=11.0
  - ncurses >=6.5,<7.0a0
  license: GPL-3.0-only
  license_family: GPL
  size: 313930
  timestamp: 1765813902568
- conda: https://conda.anaconda.org/conda-forge/osx-arm64/rhash-1.4.6-h84a0fba_2.conda
  sha256: b4da3ab88c407b4133d39512b3b615d6fb020c89d39f54491862e6731528ab95
  md5: 5cec61f5b18ca8c5bbb1ad2dc5923a8e
  depends:
  - __osx >=11.0
  license: MIT
  license_family: MIT
  run_exports:
    weak:
    - rhash >=1.4.6,<2.0a0
  size: 185483
  timestamp: 1786732022220
- conda: https://conda.anaconda.org/conda-forge/osx-arm64/sigtool-codesign-0.1.3-h98dc951_1.conda
  sha256: 7efd6d7d18bf9cc5788bfe1c1e1620d9dbbe00a81c646814929a82ff31944cf3
  md5: a322c0a0d3b5be99ee11f9ccec99b60e
  depends:
  - __osx >=11.0
  - libsigtool 0.1.3 h98dc951_1
  - openssl >=3.5.7,<4.0a0
  license: MIT
  license_family: MIT
  run_exports: {}
  size: 114653
  timestamp: 1786115093248
- conda: https://conda.anaconda.org/conda-forge/osx-arm64/tapi-1600.0.11.8-hb561403_3.conda
  sha256: 9f1cc109e6e57861110e9de6e03beca7fd2b7fbdb46124cccc07990b0844d88a
  md5: 0676b8719dd1e9bb1003e59a481c6c3e
  depends:
  - libcxx >=19.0.0.a0
  - __osx >=11.0
  - ncurses >=6.6,<7.0a0
  license: NCSA
  run_exports: {}
  size: 200397
  timestamp: 1785906507697
- conda: https://conda.anaconda.org/conda-forge/osx-arm64/tk-8.6.13-h010d191_3.conda
  sha256: 799cab4b6cde62f91f750149995d149bc9db525ec12595e8a1d91b9317f038b3
  md5: a9d86bc62f39b94c4661716624eb21b0
  depends:
  - __osx >=11.0
  - libzlib >=1.3.1,<2.0a0
  license: TCL
  license_family: BSD
  size: 3127137
  timestamp: 1769460817696
- conda: https://conda.anaconda.org/conda-forge/osx-arm64/tornado-6.5.7-py314h6c2aa35_0.conda
  sha256: 1a4f3d940cf239acde2fc61674b7cf80219a7f22a369e92b95b245be2d47caf1
  md5: cc1d84777343f00f01c08a2d9550f639
  depends:
  - __osx >=11.0
  - python >=3.14,<3.15.0a0
  - python >=3.14,<3.15.0a0 *_cp314
  - python_abi 3.14.* *_cp314
  license: Apache-2.0
  license_family: Apache
  size: 915857
  timestamp: 1781007345425
- conda: https://conda.anaconda.org/conda-forge/osx-arm64/zeromq-4.3.5-h10816f8_11.conda
  sha256: 01fd50d2801b23b59fafea6bf704a6c5faf0f5969104400eae0e6572cb2e5304
  md5: d31c0e54c4f9c51100ec8c812ee925d1
  depends:
  - libcxx >=19
  - __osx >=11.0
  - krb5 >=1.22.2,<1.23.0a0
  - libsodium >=1.0.22,<1.0.23.0a0
  license: MPL-2.0
  license_family: MOZILLA
  size: 245404
  timestamp: 1779124076307
- conda: https://conda.anaconda.org/conda-forge/osx-arm64/zlib-1.3.2-h8088a28_2.conda
  sha256: 8dd2ac25f0ba714263aac5832d46985648f4bfb9b305b5021d702079badc08d2
  md5: f1c0bce276210bed45a04949cfe8dc20
  depends:
  - __osx >=11.0
  - libzlib 1.3.2 h8088a28_2
  license: Zlib
  license_family: Other
  size: 81123
  timestamp: 1774072974535
- conda: https://conda.anaconda.org/conda-forge/osx-arm64/zlib-1.3.2-h8088a28_3.conda
  sha256: ab46d85e4fcffff1b1c5cac517afa40b7ae784cf76fc9da1f55f6a6934291eb6
  md5: 2c966485853aa27985fbec7e3fcc4e77
  depends:
  - __osx >=11.0
  - libzlib 1.3.2 h8088a28_3
  license: Zlib
  license_family: Other
  run_exports:
    weak:
    - libzlib >=1.3.2,<2.0a0
  size: 81744
  timestamp: 1785277062753
- conda: https://conda.anaconda.org/conda-forge/osx-arm64/zstd-1.5.7-hbf9d68e_6.conda
  sha256: 9485ba49e8f47d2b597dd399e88f4802e100851b27c21d7525625b0b4025a5d9
  md5: ab136e4c34e97f34fb621d2592a393d8
  depends:
  - __osx >=11.0
  - libzlib >=1.3.1,<2.0a0
  license: BSD-3-Clause
  license_family: BSD
  size: 433413
  timestamp: 1764777166076
- conda: https://conda.anaconda.org/conda-forge/osx-arm64/zstd-1.5.7-hf451053_7.conda
  sha256: da867f5092eb0cb746d353694f0098031fd9817a4ce7d5743121209ae0f406ca
  md5: 4ec2684c73812cc2c3d78379384a39cc
  depends:
  - __osx >=11.0
  - libzlib >=1.3.2,<2.0a0
  license: BSD-3-Clause
  license_family: BSD
  run_exports:
    weak:
    - zstd >=1.5.7,<1.6.0a0
  size: 433687
  timestamp: 1786599629846
- conda: https://conda.modular.com/max-nightly/noarch/mblack-26.5.0-release.conda
  noarch: python
  sha256: 49102b55366eab56b04620533302b8693b4fa4a6c5972b3cc978b3f3bad83ebe
  md5: 0cbfc119215c063cd279f0a6beb04285
  depends:
  - python >=3.10
  - click >=8.0.0
  - mypy_extensions >=0.4.3
  - packaging >=22.0
  - pathspec >=0.9.0
  - platformdirs >=2
  - tomli >=1.1.0
  license: LicenseRef-Modular-Proprietary
  run_exports: {}
  size: 137187
  timestamp: 1786151006088
- conda: https://conda.modular.com/max-nightly/noarch/mojo-python-1.0.0-release.conda
  noarch: python
  sha256: fc449a47c7707ed96a794768e29d5d2b0bf7afab373e2a9751f281ed7c4f822c
  md5: 4a27e1596a5c2d27330a2377090b12c5
  depends:
  - python >=3.10
  license: LicenseRef-Modular-Proprietary
  run_exports: {}
  size: 24040
  timestamp: 1785891558838
- conda: https://conda.modular.com/max-nightly/osx-arm64/mojo-1.0.0-release.conda
  sha256: 200bd9ace6e06ad2a9b4f4cce9afa3e5f3c00b3d87a6d57206249df2a5568e38
  md5: 954433eb905b424cc3d4325c9c2242de
  depends:
  - python >=3.10
  - mojo-compiler ==1.0.0
  - mblack ==26.5.0
  - jupyter_client >=8.6.2,<8.7
  license: LicenseRef-Modular-Proprietary
  run_exports: {}
  size: 101155040
  timestamp: 1786294689438
- conda: https://conda.modular.com/max-nightly/osx-arm64/mojo-compiler-1.0.0-release.conda
  sha256: c52054bc444d851e5c38cc33e790fb011a1080470244aaa59351ac5056d08c59
  md5: b5103c9d9978173a1e97c5e5eed1aeba
  depends:
  - mojo-python ==1.0.0
  license: LicenseRef-Modular-Proprietary
  run_exports: {}
  size: 61221085
  timestamp: 1786294690001
- conda_source: zlib-shim[d4b5d797] @ shim
  variants:
    c_stdlib: macosx_deployment_target
    c_stdlib_version: '13.0'
    target_platform: osx-arm64
  depends:
  - libcxx >=22
  - __osx >=13.0
  - libzlib >=1.3.2,<2.0a0
  build_packages:
  - conda: https://conda.anaconda.org/conda-forge/noarch/ca-certificates-2026.7.22-hbd8a1cb_0.conda
  - conda: https://conda.anaconda.org/conda-forge/noarch/compiler-rt22_osx-arm64-22.1.8-hb8825d9_2.conda
  - conda: https://conda.anaconda.org/conda-forge/noarch/compiler-rt_osx-arm64-22.1.8-hce30654_2.conda
  - conda: https://conda.anaconda.org/conda-forge/noarch/libcxx-headers-22.1.8-h707e725_0.conda
  - conda: https://conda.anaconda.org/conda-forge/noarch/macosx_deployment_target_osx-arm64-13.0-h95484f9_7.conda
  - conda: https://conda.anaconda.org/conda-forge/noarch/sdkroot_env_osx-arm64-26.0-ha3f98da_7.conda
  - conda: https://conda.anaconda.org/conda-forge/osx-arm64/bzip2-1.0.8-h4e30115_10.conda
  - conda: https://conda.anaconda.org/conda-forge/osx-arm64/c-ares-1.34.8-h74c22ad_2.conda
  - conda: https://conda.anaconda.org/conda-forge/osx-arm64/cctools_impl_osx-arm64-1030.6.3-llvm22_1_h7bf7afb_5.conda
  - conda: https://conda.anaconda.org/conda-forge/osx-arm64/cctools_osx-arm64-1030.6.3-llvm22_1_hbe26303_5.conda
  - conda: https://conda.anaconda.org/conda-forge/osx-arm64/clang-22-22.1.8-default_h54a73ef_9.conda
  - conda: https://conda.anaconda.org/conda-forge/osx-arm64/clang-scan-deps-22.1.8-default_h79071a4_9.conda
  - conda: https://conda.anaconda.org/conda-forge/osx-arm64/clang_impl_osx-arm64-22.1.8-default_h79071a4_9.conda
  - conda: https://conda.anaconda.org/conda-forge/osx-arm64/clang_osx-arm64-22.1.8-hc95f77d_34.conda
  - conda: https://conda.anaconda.org/conda-forge/osx-arm64/clangxx_impl_osx-arm64-22.1.8-default_h350d358_9.conda
  - conda: https://conda.anaconda.org/conda-forge/osx-arm64/clangxx_osx-arm64-22.1.8-hc95f77d_34.conda
  - conda: https://conda.anaconda.org/conda-forge/osx-arm64/cmake-4.4.2-hf91ab31_2.conda
  - conda: https://conda.anaconda.org/conda-forge/osx-arm64/compiler-rt-22.1.8-hce30654_2.conda
  - conda: https://conda.anaconda.org/conda-forge/osx-arm64/compiler-rt22-22.1.8-hdb3d66b_2.conda
  - conda: https://conda.anaconda.org/conda-forge/osx-arm64/icu-78.3-py310h579977c_2.conda
  - conda: https://conda.anaconda.org/conda-forge/osx-arm64/krb5-1.22.2-h34f8a20_2.conda
  - conda: https://conda.anaconda.org/conda-forge/osx-arm64/ld64_osx-arm64-956.6-llvm22_1_h692d5aa_5.conda
  - conda: https://conda.anaconda.org/conda-forge/osx-arm64/libclang-cpp22.1-22.1.8-default_h79071a4_9.conda
  - conda: https://conda.anaconda.org/conda-forge/osx-arm64/libclang13-22.1.8-default_h54a73ef_9.conda
  - conda: https://conda.anaconda.org/conda-forge/osx-arm64/libcompiler-rt-22.1.8-hdb3d66b_2.conda
  - conda: https://conda.anaconda.org/conda-forge/osx-arm64/libcurl-8.21.0-h6651222_5.conda
  - conda: https://conda.anaconda.org/conda-forge/osx-arm64/libcxx-22.1.8-h55c6f16_0.conda
  - conda: https://conda.anaconda.org/conda-forge/osx-arm64/libcxx-devel-22.1.8-h6dc3340_0.conda
  - conda: https://conda.anaconda.org/conda-forge/osx-arm64/libedit-3.1.20250104-pl5321h26f1114_1.conda
  - conda: https://conda.anaconda.org/conda-forge/osx-arm64/libev-4.33-h1a92334_3.conda
  - conda: https://conda.anaconda.org/conda-forge/osx-arm64/libexpat-2.8.1-hf6b4638_1.conda
  - conda: https://conda.anaconda.org/conda-forge/osx-arm64/libiconv-1.18-he4c29f2_3.conda
  - conda: https://conda.anaconda.org/conda-forge/osx-arm64/libllvm22-22.1.8-h759d1ac_2.conda
  - conda: https://conda.anaconda.org/conda-forge/osx-arm64/liblzma-5.8.3-h8088a28_1.conda
  - conda: https://conda.anaconda.org/conda-forge/osx-arm64/libnghttp2-1.68.1-h435687b_1.conda
  - conda: https://conda.anaconda.org/conda-forge/osx-arm64/libpsl-0.23.1-hdb0c161_1.conda
  - conda: https://conda.anaconda.org/conda-forge/osx-arm64/libsigtool-0.1.3-h98dc951_1.conda
  - conda: https://conda.anaconda.org/conda-forge/osx-arm64/libssh2-1.11.1-hbf2880b_1.conda
  - conda: https://conda.anaconda.org/conda-forge/osx-arm64/libuv-1.52.1-h1a92334_1.conda
  - conda: https://conda.anaconda.org/conda-forge/osx-arm64/libxml2-16-2.15.3-h5ef1a60_1.conda
  - conda: https://conda.anaconda.org/conda-forge/osx-arm64/libxml2-2.15.3-h5654f7c_1.conda
  - conda: https://conda.anaconda.org/conda-forge/osx-arm64/libzlib-1.3.2-h8088a28_3.conda
  - conda: https://conda.anaconda.org/conda-forge/osx-arm64/llvm-tools-22-22.1.8-h79441dc_2.conda
  - conda: https://conda.anaconda.org/conda-forge/osx-arm64/llvm-tools-22.1.8-hdb3d66b_2.conda
  - conda: https://conda.anaconda.org/conda-forge/osx-arm64/ncurses-6.6-he64c551_1.conda
  - conda: https://conda.anaconda.org/conda-forge/osx-arm64/ninja-1.13.2-h3feff0a_1.conda
  - conda: https://conda.anaconda.org/conda-forge/osx-arm64/openssl-3.6.3-hd24854e_1.conda
  - conda: https://conda.anaconda.org/conda-forge/osx-arm64/rhash-1.4.6-h84a0fba_2.conda
  - conda: https://conda.anaconda.org/conda-forge/osx-arm64/sigtool-codesign-0.1.3-h98dc951_1.conda
  - conda: https://conda.anaconda.org/conda-forge/osx-arm64/tapi-1600.0.11.8-hb561403_3.conda
  - conda: https://conda.anaconda.org/conda-forge/osx-arm64/zstd-1.5.7-hf451053_7.conda
  host_packages:
  - conda: https://conda.anaconda.org/conda-forge/osx-arm64/libcxx-22.1.8-h55c6f16_0.conda
  - conda: https://conda.anaconda.org/conda-forge/osx-arm64/libzlib-1.3.2-h8088a28_3.conda
  - conda: https://conda.anaconda.org/conda-forge/osx-arm64/zlib-1.3.2-h8088a28_3.conda
